
Microsoft Visual Studio Solution File, Format Version 12.00
# Visual Studio Version 17
VisualStudioVersion = 17.14.36221.1 d17.14
MinimumVisualStudioVersion = 10.0.40219.1
Project("{FAE04EC0-301F-11D3-BF4B-00C04F79EFBC}") = "ZTACS", "src\PolicyEngine\ZTACS\ZTACS.csproj", "{F0E0A178-861F-24E9-2B86-5D5C8D09F40B}"
EndProject
Project("{FAE04EC0-301F-11D3-BF4B-00C04F79EFBC}") = "ZTACS.Client", "src\PolicyEngine\ZTACS.Client\ZTACS.Client.csproj", "{7754340F-0A99-A4B5-2EF8-212C167DC34E}"
EndProject
Project("{FAE04EC0-301F-11D3-BF4B-00C04F79EFBC}") = "Shared", "src\PolicyEngine\Shared\Shared.csproj", "{F5FE06DA-160B-41E2-9A0B-7C75CA7752C1}"
EndProject
Project("{2150E333-8FDC-42A3-9474-1A3956D46DE8}") = "Solution Items", "Solution Items", "{8EC462FD-D22E-90A8-E5CE-7E832BA40C5D}"
	ProjectSection(SolutionItems) = preProject
		docker-compose.yml = docker-compose.yml
		README.md = README.md
	EndProjectSection
EndProject
Global
	GlobalSection(SolutionConfigurationPlatforms) = preSolution
		Debug|Any CPU = Debug|Any CPU
		Release|Any CPU = Release|Any CPU
	EndGlobalSection
	GlobalSection(ProjectConfigurationPlatforms) = postSolution
		{F0E0A178-861F-24E9-2B86-5D5C8D09F40B}.Debug|Any CPU.ActiveCfg = Debug|Any CPU
		{F0E0A178-861F-24E9-2B86-5D5C8D09F40B}.Debug|Any CPU.Build.0 = Debug|Any CPU
		{F0E0A178-861F-24E9-2B86-5D5C8D09F40B}.Release|Any CPU.ActiveCfg = Release|Any CPU
		{F0E0A178-861F-24E9-2B86-5D5C8D09F40B}.Release|Any CPU.Build.0 = Release|Any CPU
		{7754340F-0A99-A4B5-2EF8-212C167DC34E}.Debug|Any CPU.ActiveCfg = Debug|Any CPU
		{7754340F-0A99-A4B5-2EF8-212C167DC34E}.Debug|Any CPU.Build.0 = Debug|Any CPU
		{7754340F-0A99-A4B5-2EF8-212C167DC34E}.Release|Any CPU.ActiveCfg = Release|Any CPU
		{7754340F-0A99-A4B5-2EF8-212C167DC34E}.Release|Any CPU.Build.0 = Release|Any CPU
		{F5FE06DA-160B-41E2-9A0B-7C75CA7752C1}.Debug|Any CPU.ActiveCfg = Debug|Any CPU
		{F5FE06DA-160B-41E2-9A0B-7C75CA7752C1}.Debug|Any CPU.Build.0 = Debug|Any CPU
		{F5FE06DA-160B-41E2-9A0B-7C75CA7752C1}.Release|Any CPU.ActiveCfg = Release|Any CPU
		{F5FE06DA-160B-41E2-9A0B-7C75CA7752C1}.Release|Any CPU.Build.0 = Release|Any CPU
	EndGlobalSection
	GlobalSection(SolutionProperties) = preSolution
		HideSolutionNode = FALSE
	EndGlobalSection
	GlobalSection(ExtensibilityGlobals) = postSolution
		SolutionGuid = {42276189-8A37-4D0E-BDD3-D0EC4578D4EC}
	EndGlobalSection
EndGlobal
