
Microsoft Visual Studio Solution File, Format Version 12.00
# Visual Studio Version 17
VisualStudioVersion = 17.14.36221.1
MinimumVisualStudioVersion = 10.0.40219.1
Project("{FAE04EC0-301F-11D3-BF4B-00C04F79EFBC}") = "ZTACS.Shared", "ZTACS\ZTACS.Shared\ZTACS.Shared.csproj", "{A5E03852-7468-4A53-B7F2-4ADDD35F7254}"
EndProject
Project("{FAE04EC0-301F-11D3-BF4B-00C04F79EFBC}") = "ZTACS.Infrastructure", "ZTACS\ZTACS.Infrastructure\ZTACS.Infrastructure.csproj", "{A004E3DF-470C-4166-B4E8-BF5FCE381900}"
EndProject
Project("{FAE04EC0-301F-11D3-BF4B-00C04F79EFBC}") = "ZTACS.Security", "ZTACS\ZTACS.Security\ZTACS.Security.csproj", "{2C25A662-FA86-48CD-A4DF-1EB0336A6B28}"
EndProject
Project("{FAE04EC0-301F-11D3-BF4B-00C04F79EFBC}") = "ZTACS", "ZTACS\ZTACS\ZTACS\ZTACS.csproj", "{698C6D07-676F-4827-B838-996288A34060}"
EndProject
Project("{FAE04EC0-301F-11D3-BF4B-00C04F79EFBC}") = "ZTACS.Client", "ZTACS\ZTACS\ZTACS.Client\ZTACS.Client.csproj", "{6D432689-A322-45DB-B635-D0D09C33C5AA}"
EndProject
Global
	GlobalSection(SolutionConfigurationPlatforms) = preSolution
		Debug|Any CPU = Debug|Any CPU
		Release|Any CPU = Release|Any CPU
	EndGlobalSection
	GlobalSection(ProjectConfigurationPlatforms) = postSolution
		{A5E03852-7468-4A53-B7F2-4ADDD35F7254}.Debug|Any CPU.ActiveCfg = Debug|Any CPU
		{A5E03852-7468-4A53-B7F2-4ADDD35F7254}.Debug|Any CPU.Build.0 = Debug|Any CPU
		{A5E03852-7468-4A53-B7F2-4ADDD35F7254}.Release|Any CPU.ActiveCfg = Release|Any CPU
		{A5E03852-7468-4A53-B7F2-4ADDD35F7254}.Release|Any CPU.Build.0 = Release|Any CPU
		{A004E3DF-470C-4166-B4E8-BF5FCE381900}.Debug|Any CPU.ActiveCfg = Debug|Any CPU
		{A004E3DF-470C-4166-B4E8-BF5FCE381900}.Debug|Any CPU.Build.0 = Debug|Any CPU
		{A004E3DF-470C-4166-B4E8-BF5FCE381900}.Release|Any CPU.ActiveCfg = Release|Any CPU
		{A004E3DF-470C-4166-B4E8-BF5FCE381900}.Release|Any CPU.Build.0 = Release|Any CPU
		{2C25A662-FA86-48CD-A4DF-1EB0336A6B28}.Debug|Any CPU.ActiveCfg = Debug|Any CPU
		{2C25A662-FA86-48CD-A4DF-1EB0336A6B28}.Debug|Any CPU.Build.0 = Debug|Any CPU
		{2C25A662-FA86-48CD-A4DF-1EB0336A6B28}.Release|Any CPU.ActiveCfg = Release|Any CPU
		{2C25A662-FA86-48CD-A4DF-1EB0336A6B28}.Release|Any CPU.Build.0 = Release|Any CPU
		{698C6D07-676F-4827-B838-996288A34060}.Debug|Any CPU.ActiveCfg = Debug|Any CPU
		{698C6D07-676F-4827-B838-996288A34060}.Debug|Any CPU.Build.0 = Debug|Any CPU
		{698C6D07-676F-4827-B838-996288A34060}.Release|Any CPU.ActiveCfg = Release|Any CPU
		{698C6D07-676F-4827-B838-996288A34060}.Release|Any CPU.Build.0 = Release|Any CPU
		{6D432689-A322-45DB-B635-D0D09C33C5AA}.Debug|Any CPU.ActiveCfg = Debug|Any CPU
		{6D432689-A322-45DB-B635-D0D09C33C5AA}.Debug|Any CPU.Build.0 = Debug|Any CPU
		{6D432689-A322-45DB-B635-D0D09C33C5AA}.Release|Any CPU.ActiveCfg = Release|Any CPU
		{6D432689-A322-45DB-B635-D0D09C33C5AA}.Release|Any CPU.Build.0 = Release|Any CPU
	EndGlobalSection
	GlobalSection(SolutionProperties) = preSolution
		HideSolutionNode = FALSE
	EndGlobalSection
	GlobalSection(ExtensibilityGlobals) = postSolution
		SolutionGuid = {0610A5CD-BA8C-4115-9727-6029B2BC2A47}
	EndGlobalSection
EndGlobal
